# Prisma Migrate lockfile v1

20210506103934-add-profile
20210506104405-auto-generate-profile-id
20210506104508-drop-profile-id
20210506112703-remove-profile-details-from-user
20210507104725-add-configad--confi
20210531152129-add_google_photo_url
20210617075338-add_transaction_recurrences
20210617095515-update_transaction_recurrence
20210617122528-update_to_schedule